
Microsoft Visual Studio Solution File, Format Version 12.00
# Visual Studio Version 17
VisualStudioVersion = 17.14.36203.30 d17.14
MinimumVisualStudioVersion = 10.0.40219.1
Project("{FAE04EC0-301F-11D3-BF4B-00C04F79EFBC}") = "BonsaiGotchi", "BonsaiGotchi.csproj", "{386667C6-F40F-48A7-AFDE-40668A020827}"
EndProject
Global
	GlobalSection(SolutionConfigurationPlatforms) = preSolution
		Debug|Any CPU = Debug|Any CPU
		Release|Any CPU = Release|Any CPU
	EndGlobalSection
	GlobalSection(ProjectConfigurationPlatforms) = postSolution
		{386667C6-F40F-48A7-AFDE-40668A020827}.Debug|Any CPU.ActiveCfg = Debug|Any CPU
		{386667C6-F40F-48A7-AFDE-40668A020827}.Debug|Any CPU.Build.0 = Debug|Any CPU
		{386667C6-F40F-48A7-AFDE-40668A020827}.Release|Any CPU.ActiveCfg = Release|Any CPU
		{386667C6-F40F-48A7-AFDE-40668A020827}.Release|Any CPU.Build.0 = Release|Any CPU
	EndGlobalSection
	GlobalSection(SolutionProperties) = preSolution
		HideSolutionNode = FALSE
	EndGlobalSection
	GlobalSection(ExtensibilityGlobals) = postSolution
		SolutionGuid = {B38565CD-3C1A-456A-B4B8-9AF1359DAD4E}
	EndGlobalSection
EndGlobal
